
Microsoft Visual Studio Solution File, Format Version 12.00
# Visual Studio Version 17
VisualStudioVersion = 17.2.32526.322
MinimumVisualStudioVersion = 10.0.40219.1
Project("{9A19103F-16F7-4668-BE54-9A1E7A4F7556}") = "miniOdev", "miniOdev\miniOdev.csproj", "{9773239A-A0F6-42E8-81A7-92159E3F1D34}"
EndProject
Project("{9A19103F-16F7-4668-BE54-9A1E7A4F7556}") = "BL", "BL\BL.csproj", "{615DB80F-BCFE-4B6B-AA78-C17057A08402}"
EndProject
Project("{9A19103F-16F7-4668-BE54-9A1E7A4F7556}") = "Common", "Common\Common.csproj", "{E47BD00E-C513-4543-9E3E-2D530393C600}"
EndProject
Project("{9A19103F-16F7-4668-BE54-9A1E7A4F7556}") = "DAL", "DAL\DAL.csproj", "{FB106A8C-7EB5-4BE3-90F5-489865E295E2}"
EndProject
Project("{9A19103F-16F7-4668-BE54-9A1E7A4F7556}") = "DOMAIN", "DOMAIN\DOMAIN.csproj", "{0B9DC692-3785-4AAC-BE3C-60017C2CE817}"
EndProject
Project("{9A19103F-16F7-4668-BE54-9A1E7A4F7556}") = "MAP", "MAP\MAP.csproj", "{1C44D809-61CE-485A-B027-999EFA7ADB30}"
EndProject
Project("{FAE04EC0-301F-11D3-BF4B-00C04F79EFBC}") = "RabbitMQ.Core", "RabbitMQ.Core\RabbitMQ.Core.csproj", "{6C6A17D6-FF9A-4D4F-B463-CD58E6A4E1EE}"
EndProject
Project("{FAE04EC0-301F-11D3-BF4B-00C04F79EFBC}") = "RabbitMQ.ConsumerConsole", "RabbitMQ.ConsumerConsole\RabbitMQ.ConsumerConsole.csproj", "{9F1223FB-E17A-406E-99CC-05DD1BEF15CC}"
EndProject
Global
	GlobalSection(SolutionConfigurationPlatforms) = preSolution
		Debug|Any CPU = Debug|Any CPU
		Release|Any CPU = Release|Any CPU
	EndGlobalSection
	GlobalSection(ProjectConfigurationPlatforms) = postSolution
		{9773239A-A0F6-42E8-81A7-92159E3F1D34}.Debug|Any CPU.ActiveCfg = Debug|Any CPU
		{9773239A-A0F6-42E8-81A7-92159E3F1D34}.Debug|Any CPU.Build.0 = Debug|Any CPU
		{9773239A-A0F6-42E8-81A7-92159E3F1D34}.Release|Any CPU.ActiveCfg = Release|Any CPU
		{9773239A-A0F6-42E8-81A7-92159E3F1D34}.Release|Any CPU.Build.0 = Release|Any CPU
		{615DB80F-BCFE-4B6B-AA78-C17057A08402}.Debug|Any CPU.ActiveCfg = Debug|Any CPU
		{615DB80F-BCFE-4B6B-AA78-C17057A08402}.Debug|Any CPU.Build.0 = Debug|Any CPU
		{615DB80F-BCFE-4B6B-AA78-C17057A08402}.Release|Any CPU.ActiveCfg = Release|Any CPU
		{615DB80F-BCFE-4B6B-AA78-C17057A08402}.Release|Any CPU.Build.0 = Release|Any CPU
		{E47BD00E-C513-4543-9E3E-2D530393C600}.Debug|Any CPU.ActiveCfg = Debug|Any CPU
		{E47BD00E-C513-4543-9E3E-2D530393C600}.Debug|Any CPU.Build.0 = Debug|Any CPU
		{E47BD00E-C513-4543-9E3E-2D530393C600}.Release|Any CPU.ActiveCfg = Release|Any CPU
		{E47BD00E-C513-4543-9E3E-2D530393C600}.Release|Any CPU.Build.0 = Release|Any CPU
		{FB106A8C-7EB5-4BE3-90F5-489865E295E2}.Debug|Any CPU.ActiveCfg = Debug|Any CPU
		{FB106A8C-7EB5-4BE3-90F5-489865E295E2}.Debug|Any CPU.Build.0 = Debug|Any CPU
		{FB106A8C-7EB5-4BE3-90F5-489865E295E2}.Release|Any CPU.ActiveCfg = Release|Any CPU
		{FB106A8C-7EB5-4BE3-90F5-489865E295E2}.Release|Any CPU.Build.0 = Release|Any CPU
		{0B9DC692-3785-4AAC-BE3C-60017C2CE817}.Debug|Any CPU.ActiveCfg = Debug|Any CPU
		{0B9DC692-3785-4AAC-BE3C-60017C2CE817}.Debug|Any CPU.Build.0 = Debug|Any CPU
		{0B9DC692-3785-4AAC-BE3C-60017C2CE817}.Release|Any CPU.ActiveCfg = Release|Any CPU
		{0B9DC692-3785-4AAC-BE3C-60017C2CE817}.Release|Any CPU.Build.0 = Release|Any CPU
		{1C44D809-61CE-485A-B027-999EFA7ADB30}.Debug|Any CPU.ActiveCfg = Debug|Any CPU
		{1C44D809-61CE-485A-B027-999EFA7ADB30}.Debug|Any CPU.Build.0 = Debug|Any CPU
		{1C44D809-61CE-485A-B027-999EFA7ADB30}.Release|Any CPU.ActiveCfg = Release|Any CPU
		{1C44D809-61CE-485A-B027-999EFA7ADB30}.Release|Any CPU.Build.0 = Release|Any CPU
		{6C6A17D6-FF9A-4D4F-B463-CD58E6A4E1EE}.Debug|Any CPU.ActiveCfg = Debug|Any CPU
		{6C6A17D6-FF9A-4D4F-B463-CD58E6A4E1EE}.Debug|Any CPU.Build.0 = Debug|Any CPU
		{6C6A17D6-FF9A-4D4F-B463-CD58E6A4E1EE}.Release|Any CPU.ActiveCfg = Release|Any CPU
		{6C6A17D6-FF9A-4D4F-B463-CD58E6A4E1EE}.Release|Any CPU.Build.0 = Release|Any CPU
		{9F1223FB-E17A-406E-99CC-05DD1BEF15CC}.Debug|Any CPU.ActiveCfg = Debug|Any CPU
		{9F1223FB-E17A-406E-99CC-05DD1BEF15CC}.Debug|Any CPU.Build.0 = Debug|Any CPU
		{9F1223FB-E17A-406E-99CC-05DD1BEF15CC}.Release|Any CPU.ActiveCfg = Release|Any CPU
		{9F1223FB-E17A-406E-99CC-05DD1BEF15CC}.Release|Any CPU.Build.0 = Release|Any CPU
	EndGlobalSection
	GlobalSection(SolutionProperties) = preSolution
		HideSolutionNode = FALSE
	EndGlobalSection
	GlobalSection(ExtensibilityGlobals) = postSolution
		SolutionGuid = {73D3C17C-EF31-40AA-BF12-D29394C37366}
	EndGlobalSection
EndGlobal
